# THIS IS AN AUTOGENERATED FILE. DO NOT EDIT THIS FILE DIRECTLY.
# yarn lockfile v1


"@aws-crypto/ie11-detection@^2.0.0":
  "version" "2.0.2"
  dependencies:
    "tslib" "^1.11.1"

"@aws-crypto/sha256-browser@2.0.0":
  "version" "2.0.0"
  dependencies:
    "@aws-crypto/ie11-detection" "^2.0.0"
    "@aws-crypto/sha256-js" "^2.0.0"
    "@aws-crypto/supports-web-crypto" "^2.0.0"
    "@aws-crypto/util" "^2.0.0"
    "@aws-sdk/types" "^3.1.0"
    "@aws-sdk/util-locate-window" "^3.0.0"
    "@aws-sdk/util-utf8-browser" "^3.0.0"
    "tslib" "^1.11.1"

"@aws-crypto/sha256-js@^2.0.0":
  "version" "2.0.2"
  dependencies:
    "@aws-crypto/util" "^2.0.2"
    "@aws-sdk/types" "^3.110.0"
    "tslib" "^1.11.1"

"@aws-crypto/sha256-js@2.0.0":
  "version" "2.0.0"
  dependencies:
    "@aws-crypto/util" "^2.0.0"
    "@aws-sdk/types" "^3.1.0"
    "tslib" "^1.11.1"

"@aws-crypto/supports-web-crypto@^2.0.0":
  "version" "2.0.2"
  dependencies:
    "tslib" "^1.11.1"

"@aws-crypto/util@^2.0.0", "@aws-crypto/util@^2.0.2":
  "version" "2.0.2"
  dependencies:
    "@aws-sdk/types" "^3.110.0"
    "@aws-sdk/util-utf8-browser" "^3.0.0"
    "tslib" "^1.11.1"

"@aws-sdk/abort-controller@3.197.0":
  "version" "3.197.0"
  dependencies:
    "@aws-sdk/types" "3.197.0"
    "tslib" "^2.3.1"

"@aws-sdk/client-cognito-identity@3.197.0":
  "version" "3.197.0"
  dependencies:
    "@aws-crypto/sha256-browser" "2.0.0"
    "@aws-crypto/sha256-js" "2.0.0"
    "@aws-sdk/client-sts" "3.197.0"
    "@aws-sdk/config-resolver" "3.197.0"
    "@aws-sdk/credential-provider-node" "3.197.0"
    "@aws-sdk/fetch-http-handler" "3.197.0"
    "@aws-sdk/hash-node" "3.197.0"
    "@aws-sdk/invalid-dependency" "3.197.0"
    "@aws-sdk/middleware-content-length" "3.197.0"
    "@aws-sdk/middleware-endpoint" "3.197.0"
    "@aws-sdk/middleware-host-header" "3.197.0"
    "@aws-sdk/middleware-logger" "3.197.0"
    "@aws-sdk/middleware-recursion-detection" "3.197.0"
    "@aws-sdk/middleware-retry" "3.197.0"
    "@aws-sdk/middleware-serde" "3.197.0"
    "@aws-sdk/middleware-signing" "3.197.0"
    "@aws-sdk/middleware-stack" "3.197.0"
    "@aws-sdk/middleware-user-agent" "3.197.0"
    "@aws-sdk/node-config-provider" "3.197.0"
    "@aws-sdk/node-http-handler" "3.197.0"
    "@aws-sdk/protocol-http" "3.197.0"
    "@aws-sdk/smithy-client" "3.197.0"
    "@aws-sdk/types" "3.197.0"
    "@aws-sdk/url-parser" "3.197.0"
    "@aws-sdk/util-base64-browser" "3.188.0"
    "@aws-sdk/util-base64-node" "3.188.0"
    "@aws-sdk/util-body-length-browser" "3.188.0"
    "@aws-sdk/util-body-length-node" "3.188.0"
    "@aws-sdk/util-defaults-mode-browser" "3.197.0"
    "@aws-sdk/util-defaults-mode-node" "3.197.0"
    "@aws-sdk/util-endpoints" "3.197.0"
    "@aws-sdk/util-user-agent-browser" "3.197.0"
    "@aws-sdk/util-user-agent-node" "3.197.0"
    "@aws-sdk/util-utf8-browser" "3.188.0"
    "@aws-sdk/util-utf8-node" "3.188.0"
    "tslib" "^2.3.1"

"@aws-sdk/client-sso@3.197.0":
  "version" "3.197.0"
  dependencies:
    "@aws-crypto/sha256-browser" "2.0.0"
    "@aws-crypto/sha256-js" "2.0.0"
    "@aws-sdk/config-resolver" "3.197.0"
    "@aws-sdk/fetch-http-handler" "3.197.0"
    "@aws-sdk/hash-node" "3.197.0"
    "@aws-sdk/invalid-dependency" "3.197.0"
    "@aws-sdk/middleware-content-length" "3.197.0"
    "@aws-sdk/middleware-endpoint" "3.197.0"
    "@aws-sdk/middleware-host-header" "3.197.0"
    "@aws-sdk/middleware-logger" "3.197.0"
    "@aws-sdk/middleware-recursion-detection" "3.197.0"
    "@aws-sdk/middleware-retry" "3.197.0"
    "@aws-sdk/middleware-serde" "3.197.0"
    "@aws-sdk/middleware-stack" "3.197.0"
    "@aws-sdk/middleware-user-agent" "3.197.0"
    "@aws-sdk/node-config-provider" "3.197.0"
    "@aws-sdk/node-http-handler" "3.197.0"
    "@aws-sdk/protocol-http" "3.197.0"
    "@aws-sdk/smithy-client" "3.197.0"
    "@aws-sdk/types" "3.197.0"
    "@aws-sdk/url-parser" "3.197.0"
    "@aws-sdk/util-base64-browser" "3.188.0"
    "@aws-sdk/util-base64-node" "3.188.0"
    "@aws-sdk/util-body-length-browser" "3.188.0"
    "@aws-sdk/util-body-length-node" "3.188.0"
    "@aws-sdk/util-defaults-mode-browser" "3.197.0"
    "@aws-sdk/util-defaults-mode-node" "3.197.0"
    "@aws-sdk/util-endpoints" "3.197.0"
    "@aws-sdk/util-user-agent-browser" "3.197.0"
    "@aws-sdk/util-user-agent-node" "3.197.0"
    "@aws-sdk/util-utf8-browser" "3.188.0"
    "@aws-sdk/util-utf8-node" "3.188.0"
    "tslib" "^2.3.1"

"@aws-sdk/client-sts@3.197.0":
  "version" "3.197.0"
  dependencies:
    "@aws-crypto/sha256-browser" "2.0.0"
    "@aws-crypto/sha256-js" "2.0.0"
    "@aws-sdk/config-resolver" "3.197.0"
    "@aws-sdk/credential-provider-node" "3.197.0"
    "@aws-sdk/fetch-http-handler" "3.197.0"
    "@aws-sdk/hash-node" "3.197.0"
    "@aws-sdk/invalid-dependency" "3.197.0"
    "@aws-sdk/middleware-content-length" "3.197.0"
    "@aws-sdk/middleware-endpoint" "3.197.0"
    "@aws-sdk/middleware-host-header" "3.197.0"
    "@aws-sdk/middleware-logger" "3.197.0"
    "@aws-sdk/middleware-recursion-detection" "3.197.0"
    "@aws-sdk/middleware-retry" "3.197.0"
    "@aws-sdk/middleware-sdk-sts" "3.197.0"
    "@aws-sdk/middleware-serde" "3.197.0"
    "@aws-sdk/middleware-signing" "3.197.0"
    "@aws-sdk/middleware-stack" "3.197.0"
    "@aws-sdk/middleware-user-agent" "3.197.0"
    "@aws-sdk/node-config-provider" "3.197.0"
    "@aws-sdk/node-http-handler" "3.197.0"
    "@aws-sdk/protocol-http" "3.197.0"
    "@aws-sdk/smithy-client" "3.197.0"
    "@aws-sdk/types" "3.197.0"
    "@aws-sdk/url-parser" "3.197.0"
    "@aws-sdk/util-base64-browser" "3.188.0"
    "@aws-sdk/util-base64-node" "3.188.0"
    "@aws-sdk/util-body-length-browser" "3.188.0"
    "@aws-sdk/util-body-length-node" "3.188.0"
    "@aws-sdk/util-defaults-mode-browser" "3.197.0"
    "@aws-sdk/util-defaults-mode-node" "3.197.0"
    "@aws-sdk/util-endpoints" "3.197.0"
    "@aws-sdk/util-user-agent-browser" "3.197.0"
    "@aws-sdk/util-user-agent-node" "3.197.0"
    "@aws-sdk/util-utf8-browser" "3.188.0"
    "@aws-sdk/util-utf8-node" "3.188.0"
    "fast-xml-parser" "4.0.11"
    "tslib" "^2.3.1"

"@aws-sdk/config-resolver@3.197.0":
  "version" "3.197.0"
  dependencies:
    "@aws-sdk/signature-v4" "3.197.0"
    "@aws-sdk/types" "3.197.0"
    "@aws-sdk/util-config-provider" "3.188.0"
    "@aws-sdk/util-middleware" "3.197.0"
    "tslib" "^2.3.1"

"@aws-sdk/credential-provider-cognito-identity@3.197.0":
  "version" "3.197.0"
  dependencies:
    "@aws-sdk/client-cognito-identity" "3.197.0"
    "@aws-sdk/property-provider" "3.197.0"
    "@aws-sdk/types" "3.197.0"
    "tslib" "^2.3.1"

"@aws-sdk/credential-provider-env@3.197.0":
  "version" "3.197.0"
  dependencies:
    "@aws-sdk/property-provider" "3.197.0"
    "@aws-sdk/types" "3.197.0"
    "tslib" "^2.3.1"

"@aws-sdk/credential-provider-imds@3.197.0":
  "version" "3.197.0"
  dependencies:
    "@aws-sdk/node-config-provider" "3.197.0"
    "@aws-sdk/property-provider" "3.197.0"
    "@aws-sdk/types" "3.197.0"
    "@aws-sdk/url-parser" "3.197.0"
    "tslib" "^2.3.1"

"@aws-sdk/credential-provider-ini@3.197.0":
  "version" "3.197.0"
  dependencies:
    "@aws-sdk/credential-provider-env" "3.197.0"
    "@aws-sdk/credential-provider-imds" "3.197.0"
    "@aws-sdk/credential-provider-sso" "3.197.0"
    "@aws-sdk/credential-provider-web-identity" "3.197.0"
    "@aws-sdk/property-provider" "3.197.0"
    "@aws-sdk/shared-ini-file-loader" "3.197.0"
    "@aws-sdk/types" "3.197.0"
    "tslib" "^2.3.1"

"@aws-sdk/credential-provider-node@3.197.0":
  "version" "3.197.0"
  dependencies:
    "@aws-sdk/credential-provider-env" "3.197.0"
    "@aws-sdk/credential-provider-imds" "3.197.0"
    "@aws-sdk/credential-provider-ini" "3.197.0"
    "@aws-sdk/credential-provider-process" "3.197.0"
    "@aws-sdk/credential-provider-sso" "3.197.0"
    "@aws-sdk/credential-provider-web-identity" "3.197.0"
    "@aws-sdk/property-provider" "3.197.0"
    "@aws-sdk/shared-ini-file-loader" "3.197.0"
    "@aws-sdk/types" "3.197.0"
    "tslib" "^2.3.1"

"@aws-sdk/credential-provider-process@3.197.0":
  "version" "3.197.0"
  dependencies:
    "@aws-sdk/property-provider" "3.197.0"
    "@aws-sdk/shared-ini-file-loader" "3.197.0"
    "@aws-sdk/types" "3.197.0"
    "tslib" "^2.3.1"

"@aws-sdk/credential-provider-sso@3.197.0":
  "version" "3.197.0"
  dependencies:
    "@aws-sdk/client-sso" "3.197.0"
    "@aws-sdk/property-provider" "3.197.0"
    "@aws-sdk/shared-ini-file-loader" "3.197.0"
    "@aws-sdk/types" "3.197.0"
    "tslib" "^2.3.1"

"@aws-sdk/credential-provider-web-identity@3.197.0":
  "version" "3.197.0"
  dependencies:
    "@aws-sdk/property-provider" "3.197.0"
    "@aws-sdk/types" "3.197.0"
    "tslib" "^2.3.1"

"@aws-sdk/credential-providers@^3.186.0":
  "version" "3.197.0"
  dependencies:
    "@aws-sdk/client-cognito-identity" "3.197.0"
    "@aws-sdk/client-sso" "3.197.0"
    "@aws-sdk/client-sts" "3.197.0"
    "@aws-sdk/credential-provider-cognito-identity" "3.197.0"
    "@aws-sdk/credential-provider-env" "3.197.0"
    "@aws-sdk/credential-provider-imds" "3.197.0"
    "@aws-sdk/credential-provider-ini" "3.197.0"
    "@aws-sdk/credential-provider-node" "3.197.0"
    "@aws-sdk/credential-provider-process" "3.197.0"
    "@aws-sdk/credential-provider-sso" "3.197.0"
    "@aws-sdk/credential-provider-web-identity" "3.197.0"
    "@aws-sdk/property-provider" "3.197.0"
    "@aws-sdk/shared-ini-file-loader" "3.197.0"
    "@aws-sdk/types" "3.197.0"
    "tslib" "^2.3.1"

"@aws-sdk/fetch-http-handler@3.197.0":
  "version" "3.197.0"
  dependencies:
    "@aws-sdk/protocol-http" "3.197.0"
    "@aws-sdk/querystring-builder" "3.197.0"
    "@aws-sdk/types" "3.197.0"
    "@aws-sdk/util-base64-browser" "3.188.0"
    "tslib" "^2.3.1"

"@aws-sdk/hash-node@3.197.0":
  "version" "3.197.0"
  dependencies:
    "@aws-sdk/types" "3.197.0"
    "@aws-sdk/util-buffer-from" "3.188.0"
    "tslib" "^2.3.1"

"@aws-sdk/invalid-dependency@3.197.0":
  "version" "3.197.0"
  dependencies:
    "@aws-sdk/types" "3.197.0"
    "tslib" "^2.3.1"

"@aws-sdk/is-array-buffer@3.188.0":
  "version" "3.188.0"
  dependencies:
    "tslib" "^2.3.1"

"@aws-sdk/middleware-content-length@3.197.0":
  "version" "3.197.0"
  dependencies:
    "@aws-sdk/protocol-http" "3.197.0"
    "@aws-sdk/types" "3.197.0"
    "tslib" "^2.3.1"

"@aws-sdk/middleware-endpoint@3.197.0":
  "version" "3.197.0"
  dependencies:
    "@aws-sdk/middleware-serde" "3.197.0"
    "@aws-sdk/protocol-http" "3.197.0"
    "@aws-sdk/signature-v4" "3.197.0"
    "@aws-sdk/types" "3.197.0"
    "@aws-sdk/url-parser" "3.197.0"
    "@aws-sdk/util-config-provider" "3.188.0"
    "@aws-sdk/util-middleware" "3.197.0"
    "tslib" "^2.3.1"

"@aws-sdk/middleware-host-header@3.197.0":
  "version" "3.197.0"
  dependencies:
    "@aws-sdk/protocol-http" "3.197.0"
    "@aws-sdk/types" "3.197.0"
    "tslib" "^2.3.1"

"@aws-sdk/middleware-logger@3.197.0":
  "version" "3.197.0"
  dependencies:
    "@aws-sdk/types" "3.197.0"
    "tslib" "^2.3.1"

"@aws-sdk/middleware-recursion-detection@3.197.0":
  "version" "3.197.0"
  dependencies:
    "@aws-sdk/protocol-http" "3.197.0"
    "@aws-sdk/types" "3.197.0"
    "tslib" "^2.3.1"

"@aws-sdk/middleware-retry@3.197.0":
  "version" "3.197.0"
  dependencies:
    "@aws-sdk/protocol-http" "3.197.0"
    "@aws-sdk/service-error-classification" "3.197.0"
    "@aws-sdk/types" "3.197.0"
    "@aws-sdk/util-middleware" "3.197.0"
    "tslib" "^2.3.1"
    "uuid" "^8.3.2"

"@aws-sdk/middleware-sdk-sts@3.197.0":
  "version" "3.197.0"
  dependencies:
    "@aws-sdk/middleware-signing" "3.197.0"
    "@aws-sdk/property-provider" "3.197.0"
    "@aws-sdk/protocol-http" "3.197.0"
    "@aws-sdk/signature-v4" "3.197.0"
    "@aws-sdk/types" "3.197.0"
    "tslib" "^2.3.1"

"@aws-sdk/middleware-serde@3.197.0":
  "version" "3.197.0"
  dependencies:
    "@aws-sdk/types" "3.197.0"
    "tslib" "^2.3.1"

"@aws-sdk/middleware-signing@3.197.0":
  "version" "3.197.0"
  dependencies:
    "@aws-sdk/property-provider" "3.197.0"
    "@aws-sdk/protocol-http" "3.197.0"
    "@aws-sdk/signature-v4" "3.197.0"
    "@aws-sdk/types" "3.197.0"
    "@aws-sdk/util-middleware" "3.197.0"
    "tslib" "^2.3.1"

"@aws-sdk/middleware-stack@3.197.0":
  "version" "3.197.0"
  dependencies:
    "tslib" "^2.3.1"

"@aws-sdk/middleware-user-agent@3.197.0":
  "version" "3.197.0"
  dependencies:
    "@aws-sdk/protocol-http" "3.197.0"
    "@aws-sdk/types" "3.197.0"
    "tslib" "^2.3.1"

"@aws-sdk/node-config-provider@3.197.0":
  "version" "3.197.0"
  dependencies:
    "@aws-sdk/property-provider" "3.197.0"
    "@aws-sdk/shared-ini-file-loader" "3.197.0"
    "@aws-sdk/types" "3.197.0"
    "tslib" "^2.3.1"

"@aws-sdk/node-http-handler@3.197.0":
  "version" "3.197.0"
  dependencies:
    "@aws-sdk/abort-controller" "3.197.0"
    "@aws-sdk/protocol-http" "3.197.0"
    "@aws-sdk/querystring-builder" "3.197.0"
    "@aws-sdk/types" "3.197.0"
    "tslib" "^2.3.1"

"@aws-sdk/property-provider@3.197.0":
  "version" "3.197.0"
  dependencies:
    "@aws-sdk/types" "3.197.0"
    "tslib" "^2.3.1"

"@aws-sdk/protocol-http@3.197.0":
  "version" "3.197.0"
  dependencies:
    "@aws-sdk/types" "3.197.0"
    "tslib" "^2.3.1"

"@aws-sdk/querystring-builder@3.197.0":
  "version" "3.197.0"
  dependencies:
    "@aws-sdk/types" "3.197.0"
    "@aws-sdk/util-uri-escape" "3.188.0"
    "tslib" "^2.3.1"

"@aws-sdk/querystring-parser@3.197.0":
  "version" "3.197.0"
  dependencies:
    "@aws-sdk/types" "3.197.0"
    "tslib" "^2.3.1"

"@aws-sdk/service-error-classification@3.197.0":
  "version" "3.197.0"

"@aws-sdk/shared-ini-file-loader@3.197.0":
  "version" "3.197.0"
  dependencies:
    "@aws-sdk/types" "3.197.0"
    "tslib" "^2.3.1"

"@aws-sdk/signature-v4@3.197.0":
  "version" "3.197.0"
  dependencies:
    "@aws-sdk/is-array-buffer" "3.188.0"
    "@aws-sdk/types" "3.197.0"
    "@aws-sdk/util-hex-encoding" "3.188.0"
    "@aws-sdk/util-middleware" "3.197.0"
    "@aws-sdk/util-uri-escape" "3.188.0"
    "tslib" "^2.3.1"

"@aws-sdk/smithy-client@3.197.0":
  "version" "3.197.0"
  dependencies:
    "@aws-sdk/middleware-stack" "3.197.0"
    "@aws-sdk/types" "3.197.0"
    "tslib" "^2.3.1"

"@aws-sdk/types@^3.1.0", "@aws-sdk/types@^3.110.0", "@aws-sdk/types@3.197.0":
  "version" "3.197.0"

"@aws-sdk/url-parser@3.197.0":
  "version" "3.197.0"
  dependencies:
    "@aws-sdk/querystring-parser" "3.197.0"
    "@aws-sdk/types" "3.197.0"
    "tslib" "^2.3.1"

"@aws-sdk/util-base64-browser@3.188.0":
  "version" "3.188.0"
  dependencies:
    "tslib" "^2.3.1"

"@aws-sdk/util-base64-node@3.188.0":
  "version" "3.188.0"
  dependencies:
    "@aws-sdk/util-buffer-from" "3.188.0"
    "tslib" "^2.3.1"

"@aws-sdk/util-body-length-browser@3.188.0":
  "version" "3.188.0"
  dependencies:
    "tslib" "^2.3.1"

"@aws-sdk/util-body-length-node@3.188.0":
  "version" "3.188.0"
  dependencies:
    "tslib" "^2.3.1"

"@aws-sdk/util-buffer-from@3.188.0":
  "version" "3.188.0"
  dependencies:
    "@aws-sdk/is-array-buffer" "3.188.0"
    "tslib" "^2.3.1"

"@aws-sdk/util-config-provider@3.188.0":
  "version" "3.188.0"
  dependencies:
    "tslib" "^2.3.1"

"@aws-sdk/util-defaults-mode-browser@3.197.0":
  "version" "3.197.0"
  dependencies:
    "@aws-sdk/property-provider" "3.197.0"
    "@aws-sdk/types" "3.197.0"
    "bowser" "^2.11.0"
    "tslib" "^2.3.1"

"@aws-sdk/util-defaults-mode-node@3.197.0":
  "version" "3.197.0"
  dependencies:
    "@aws-sdk/config-resolver" "3.197.0"
    "@aws-sdk/credential-provider-imds" "3.197.0"
    "@aws-sdk/node-config-provider" "3.197.0"
    "@aws-sdk/property-provider" "3.197.0"
    "@aws-sdk/types" "3.197.0"
    "tslib" "^2.3.1"

"@aws-sdk/util-endpoints@3.197.0":
  "version" "3.197.0"
  dependencies:
    "@aws-sdk/types" "3.197.0"
    "tslib" "^2.3.1"

"@aws-sdk/util-hex-encoding@3.188.0":
  "version" "3.188.0"
  dependencies:
    "tslib" "^2.3.1"

"@aws-sdk/util-locate-window@^3.0.0":
  "version" "3.188.0"
  dependencies:
    "tslib" "^2.3.1"

"@aws-sdk/util-middleware@3.197.0":
  "version" "3.197.0"
  dependencies:
    "tslib" "^2.3.1"

"@aws-sdk/util-uri-escape@3.188.0":
  "version" "3.188.0"
  dependencies:
    "tslib" "^2.3.1"

"@aws-sdk/util-user-agent-browser@3.197.0":
  "version" "3.197.0"
  dependencies:
    "@aws-sdk/types" "3.197.0"
    "bowser" "^2.11.0"
    "tslib" "^2.3.1"

"@aws-sdk/util-user-agent-node@3.197.0":
  "version" "3.197.0"
  dependencies:
    "@aws-sdk/node-config-provider" "3.197.0"
    "@aws-sdk/types" "3.197.0"
    "tslib" "^2.3.1"

"@aws-sdk/util-utf8-browser@^3.0.0", "@aws-sdk/util-utf8-browser@3.188.0":
  "version" "3.188.0"
  dependencies:
    "tslib" "^2.3.1"

"@aws-sdk/util-utf8-node@3.188.0":
  "version" "3.188.0"
  dependencies:
    "@aws-sdk/util-buffer-from" "3.188.0"
    "tslib" "^2.3.1"

"@mapbox/node-pre-gyp@^1.0.10":
  "version" "1.0.10"
  dependencies:
    "detect-libc" "^2.0.0"
    "https-proxy-agent" "^5.0.0"
    "make-dir" "^3.1.0"
    "node-fetch" "^2.6.7"
    "nopt" "^5.0.0"
    "npmlog" "^5.0.1"
    "rimraf" "^3.0.2"
    "semver" "^7.3.5"
    "tar" "^6.1.11"

"@redis/bloom@1.0.2":
  "version" "1.0.2"

"@redis/client@^1.0.0", "@redis/client@1.3.0":
  "version" "1.3.0"
  dependencies:
    "cluster-key-slot" "1.1.0"
    "generic-pool" "3.8.2"
    "yallist" "4.0.0"

"@redis/graph@1.0.1":
  "version" "1.0.1"

"@redis/json@1.0.4":
  "version" "1.0.4"

"@redis/search@1.1.0":
  "version" "1.1.0"

"@redis/time-series@1.0.3":
  "version" "1.0.3"

"@types/node@*":
  "version" "18.11.7"

"@types/webidl-conversions@*":
  "version" "7.0.0"

"@types/whatwg-url@^8.2.1":
  "version" "8.2.2"
  dependencies:
    "@types/node" "*"
    "@types/webidl-conversions" "*"

"abbrev@1":
  "version" "1.1.1"

"accepts@~1.3.8":
  "version" "1.3.8"
  dependencies:
    "mime-types" "~2.1.34"
    "negotiator" "0.6.3"

"agent-base@6":
  "version" "6.0.2"
  dependencies:
    "debug" "4"

"ansi-regex@^5.0.1":
  "version" "5.0.1"

"append-field@^1.0.0":
  "version" "1.0.0"

"aproba@^1.0.3 || ^2.0.0":
  "version" "2.0.0"

"are-we-there-yet@^2.0.0":
  "version" "2.0.0"
  dependencies:
    "delegates" "^1.0.0"
    "readable-stream" "^3.6.0"

"array-flatten@1.1.1":
  "version" "1.1.1"

"arrify@^2.0.0":
  "version" "2.0.1"

"asn1.js@^5.4.1":
  "version" "5.4.1"
  dependencies:
    "bn.js" "^4.0.0"
    "inherits" "^2.0.1"
    "minimalistic-assert" "^1.0.0"
    "safer-buffer" "^2.1.0"

"async@^2.6.1":
  "version" "2.6.4"
  dependencies:
    "lodash" "^4.17.14"

"available-typed-arrays@^1.0.5":
  "version" "1.0.5"

"aws-sdk@^2.1206.0":
  "version" "2.1241.0"
  dependencies:
    "buffer" "4.9.2"
    "events" "1.1.1"
    "ieee754" "1.1.13"
    "jmespath" "0.16.0"
    "querystring" "0.2.0"
    "sax" "1.2.1"
    "url" "0.10.3"
    "util" "^0.12.4"
    "uuid" "8.0.0"
    "xml2js" "0.4.19"

"bagpipe@^0.3.5":
  "version" "0.3.5"

"balanced-match@^1.0.0":
  "version" "1.0.2"

"base64-js@^1.0.2", "base64-js@^1.3.0", "base64-js@^1.3.1":
  "version" "1.5.1"

"base64url@3.x.x":
  "version" "3.0.1"

"bcrypt@^5.1.0":
  "version" "5.1.0"
  dependencies:
    "@mapbox/node-pre-gyp" "^1.0.10"
    "node-addon-api" "^5.0.0"

"bignumber.js@^9.0.0":
  "version" "9.1.0"

"bn.js@^4.0.0":
  "version" "4.12.0"

"body-parser@1.20.1":
  "version" "1.20.1"
  dependencies:
    "bytes" "3.1.2"
    "content-type" "~1.0.4"
    "debug" "2.6.9"
    "depd" "2.0.0"
    "destroy" "1.2.0"
    "http-errors" "2.0.0"
    "iconv-lite" "0.4.24"
    "on-finished" "2.4.1"
    "qs" "6.11.0"
    "raw-body" "2.5.1"
    "type-is" "~1.6.18"
    "unpipe" "1.0.0"

"bowser@^2.11.0":
  "version" "2.11.0"

"brace-expansion@^1.1.7":
  "version" "1.1.11"
  dependencies:
    "balanced-match" "^1.0.0"
    "concat-map" "0.0.1"

"bson@^4.6.5", "bson@^4.7.0":
  "version" "4.7.0"
  dependencies:
    "buffer" "^5.6.0"

"buffer-equal-constant-time@^1.0.1", "buffer-equal-constant-time@1.0.1":
  "version" "1.0.1"

"buffer-from@^1.0.0":
  "version" "1.1.2"

"buffer@^5.6.0":
  "version" "5.7.1"
  dependencies:
    "base64-js" "^1.3.1"
    "ieee754" "^1.1.13"

"buffer@4.9.2":
  "version" "4.9.2"
  dependencies:
    "base64-js" "^1.0.2"
    "ieee754" "^1.1.4"
    "isarray" "^1.0.0"

"busboy@^1.0.0":
  "version" "1.6.0"
  dependencies:
    "streamsearch" "^1.1.0"

"bytes@3.1.2":
  "version" "3.1.2"

"call-bind@^1.0.0", "call-bind@^1.0.2":
  "version" "1.0.2"
  dependencies:
    "function-bind" "^1.1.1"
    "get-intrinsic" "^1.0.2"

"chownr@^2.0.0":
  "version" "2.0.0"

"cluster-key-slot@1.1.0":
  "version" "1.1.0"

"color-support@^1.1.2":
  "version" "1.1.3"

"commander@^6.1.0":
  "version" "6.2.1"

"concat-map@0.0.1":
  "version" "0.0.1"

"concat-stream@^1.5.2":
  "version" "1.6.2"
  dependencies:
    "buffer-from" "^1.0.0"
    "inherits" "^2.0.3"
    "readable-stream" "^2.2.2"
    "typedarray" "^0.0.6"

"connect-redis@^6.1.3":
  "version" "6.1.3"

"console-control-strings@^1.0.0", "console-control-strings@^1.1.0":
  "version" "1.1.0"

"content-disposition@0.5.4":
  "version" "0.5.4"
  dependencies:
    "safe-buffer" "5.2.1"

"content-type@~1.0.4":
  "version" "1.0.4"

"cookie-parser@^1.4.6":
  "version" "1.4.6"
  dependencies:
    "cookie" "0.4.1"
    "cookie-signature" "1.0.6"

"cookie-signature@1.0.6":
  "version" "1.0.6"

"cookie@0.4.1":
  "version" "0.4.1"

"cookie@0.4.2":
  "version" "0.4.2"

"cookie@0.5.0":
  "version" "0.5.0"

"core-util-is@~1.0.0":
  "version" "1.0.3"

"cors@^2.8.5":
  "version" "2.8.5"
  dependencies:
    "object-assign" "^4"
    "vary" "^1"

"debug@2.6.9":
  "version" "2.6.9"
  dependencies:
    "ms" "2.0.0"

"debug@4.x":
  "version" "4.3.4"
  dependencies:
    "ms" "2.1.2"

"debug@4":
  "version" "4.3.4"
  dependencies:
    "ms" "2.1.2"

"define-properties@^1.1.3", "define-properties@^1.1.4":
  "version" "1.1.4"
  dependencies:
    "has-property-descriptors" "^1.0.0"
    "object-keys" "^1.1.1"

"delegates@^1.0.0":
  "version" "1.0.0"

"denque@^2.1.0":
  "version" "2.1.0"

"depd@~2.0.0", "depd@2.0.0":
  "version" "2.0.0"

"destroy@1.2.0":
  "version" "1.2.0"

"detect-libc@^2.0.0":
  "version" "2.0.1"

"dotenv@^16.0.3":
  "version" "16.0.3"

"dotty@^0.1.2":
  "version" "0.1.2"

"ecdsa-sig-formatter@^1.0.11", "ecdsa-sig-formatter@1.0.11":
  "version" "1.0.11"
  dependencies:
    "safe-buffer" "^5.0.1"

"ee-first@1.1.1":
  "version" "1.1.1"

"emoji-regex@^8.0.0":
  "version" "8.0.0"

"encodeurl@~1.0.2":
  "version" "1.0.2"

"es-abstract@^1.19.0", "es-abstract@^1.19.5", "es-abstract@^1.20.0":
  "version" "1.20.4"
  dependencies:
    "call-bind" "^1.0.2"
    "es-to-primitive" "^1.2.1"
    "function-bind" "^1.1.1"
    "function.prototype.name" "^1.1.5"
    "get-intrinsic" "^1.1.3"
    "get-symbol-description" "^1.0.0"
    "has" "^1.0.3"
    "has-property-descriptors" "^1.0.0"
    "has-symbols" "^1.0.3"
    "internal-slot" "^1.0.3"
    "is-callable" "^1.2.7"
    "is-negative-zero" "^2.0.2"
    "is-regex" "^1.1.4"
    "is-shared-array-buffer" "^1.0.2"
    "is-string" "^1.0.7"
    "is-weakref" "^1.0.2"
    "object-inspect" "^1.12.2"
    "object-keys" "^1.1.1"
    "object.assign" "^4.1.4"
    "regexp.prototype.flags" "^1.4.3"
    "safe-regex-test" "^1.0.0"
    "string.prototype.trimend" "^1.0.5"
    "string.prototype.trimstart" "^1.0.5"
    "unbox-primitive" "^1.0.2"

"es-to-primitive@^1.2.1":
  "version" "1.2.1"
  dependencies:
    "is-callable" "^1.1.4"
    "is-date-object" "^1.0.1"
    "is-symbol" "^1.0.2"

"escape-html@~1.0.3":
  "version" "1.0.3"

"etag@~1.8.1":
  "version" "1.8.1"

"events@1.1.1":
  "version" "1.1.1"

"express-session@^1.17.3":
  "version" "1.17.3"
  dependencies:
    "cookie" "0.4.2"
    "cookie-signature" "1.0.6"
    "debug" "2.6.9"
    "depd" "~2.0.0"
    "on-headers" "~1.0.2"
    "parseurl" "~1.3.3"
    "safe-buffer" "5.2.1"
    "uid-safe" "~2.1.5"

"express-validator@^6.14.2":
  "version" "6.14.2"
  dependencies:
    "lodash" "^4.17.21"
    "validator" "^13.7.0"

"express@^4.18.1":
  "version" "4.18.2"
  dependencies:
    "accepts" "~1.3.8"
    "array-flatten" "1.1.1"
    "body-parser" "1.20.1"
    "content-disposition" "0.5.4"
    "content-type" "~1.0.4"
    "cookie" "0.5.0"
    "cookie-signature" "1.0.6"
    "debug" "2.6.9"
    "depd" "2.0.0"
    "encodeurl" "~1.0.2"
    "escape-html" "~1.0.3"
    "etag" "~1.8.1"
    "finalhandler" "1.2.0"
    "fresh" "0.5.2"
    "http-errors" "2.0.0"
    "merge-descriptors" "1.0.1"
    "methods" "~1.1.2"
    "on-finished" "2.4.1"
    "parseurl" "~1.3.3"
    "path-to-regexp" "0.1.7"
    "proxy-addr" "~2.0.7"
    "qs" "6.11.0"
    "range-parser" "~1.2.1"
    "safe-buffer" "5.2.1"
    "send" "0.18.0"
    "serve-static" "1.15.0"
    "setprototypeof" "1.2.0"
    "statuses" "2.0.1"
    "type-is" "~1.6.18"
    "utils-merge" "1.0.1"
    "vary" "~1.1.2"

"extend@^3.0.2":
  "version" "3.0.2"

"fast-text-encoding@^1.0.0":
  "version" "1.0.6"

"fast-xml-parser@4.0.11":
  "version" "4.0.11"
  dependencies:
    "strnum" "^1.0.5"

"file-type@^3.3.0":
  "version" "3.9.0"

"finalhandler@1.2.0":
  "version" "1.2.0"
  dependencies:
    "debug" "2.6.9"
    "encodeurl" "~1.0.2"
    "escape-html" "~1.0.3"
    "on-finished" "2.4.1"
    "parseurl" "~1.3.3"
    "statuses" "2.0.1"
    "unpipe" "~1.0.0"

"for-each@^0.3.3":
  "version" "0.3.3"
  dependencies:
    "is-callable" "^1.1.3"

"forwarded@0.2.0":
  "version" "0.2.0"

"fresh@0.5.2":
  "version" "0.5.2"

"fs-extra@^8.0.1":
  "version" "8.1.0"
  dependencies:
    "graceful-fs" "^4.2.0"
    "jsonfile" "^4.0.0"
    "universalify" "^0.1.0"

"fs-minipass@^2.0.0":
  "version" "2.1.0"
  dependencies:
    "minipass" "^3.0.0"

"fs.realpath@^1.0.0":
  "version" "1.0.0"

"function-bind@^1.1.1":
  "version" "1.1.1"

"function.prototype.name@^1.1.5":
  "version" "1.1.5"
  dependencies:
    "call-bind" "^1.0.2"
    "define-properties" "^1.1.3"
    "es-abstract" "^1.19.0"
    "functions-have-names" "^1.2.2"

"functions-have-names@^1.2.2":
  "version" "1.2.3"

"gauge@^3.0.0":
  "version" "3.0.2"
  dependencies:
    "aproba" "^1.0.3 || ^2.0.0"
    "color-support" "^1.1.2"
    "console-control-strings" "^1.0.0"
    "has-unicode" "^2.0.1"
    "object-assign" "^4.1.1"
    "signal-exit" "^3.0.0"
    "string-width" "^4.2.3"
    "strip-ansi" "^6.0.1"
    "wide-align" "^1.1.2"

"gaxios@^5.0.0", "gaxios@^5.0.1":
  "version" "5.0.2"
  dependencies:
    "extend" "^3.0.2"
    "https-proxy-agent" "^5.0.0"
    "is-stream" "^2.0.0"
    "node-fetch" "^2.6.7"

"gcp-metadata@^5.0.0":
  "version" "5.0.1"
  dependencies:
    "gaxios" "^5.0.0"
    "json-bigint" "^1.0.0"

"generic-pool@3.8.2":
  "version" "3.8.2"

"get-intrinsic@^1.0.2", "get-intrinsic@^1.1.0", "get-intrinsic@^1.1.1", "get-intrinsic@^1.1.3":
  "version" "1.1.3"
  dependencies:
    "function-bind" "^1.1.1"
    "has" "^1.0.3"
    "has-symbols" "^1.0.3"

"get-symbol-description@^1.0.0":
  "version" "1.0.0"
  dependencies:
    "call-bind" "^1.0.2"
    "get-intrinsic" "^1.1.1"

"glob@^7.1.3":
  "version" "7.2.3"
  dependencies:
    "fs.realpath" "^1.0.0"
    "inflight" "^1.0.4"
    "inherits" "2"
    "minimatch" "^3.1.1"
    "once" "^1.3.0"
    "path-is-absolute" "^1.0.0"

"google-auth-library@^8.1.0":
  "version" "8.6.0"
  dependencies:
    "arrify" "^2.0.0"
    "base64-js" "^1.3.0"
    "ecdsa-sig-formatter" "^1.0.11"
    "fast-text-encoding" "^1.0.0"
    "gaxios" "^5.0.0"
    "gcp-metadata" "^5.0.0"
    "gtoken" "^6.1.0"
    "jws" "^4.0.0"
    "lru-cache" "^6.0.0"

"google-p12-pem@^4.0.0":
  "version" "4.0.1"
  dependencies:
    "node-forge" "^1.3.1"

"graceful-fs@^4.1.6", "graceful-fs@^4.2.0":
  "version" "4.2.10"

"gtoken@^6.1.0":
  "version" "6.1.2"
  dependencies:
    "gaxios" "^5.0.1"
    "google-p12-pem" "^4.0.0"
    "jws" "^4.0.0"

"has-bigints@^1.0.1", "has-bigints@^1.0.2":
  "version" "1.0.2"

"has-property-descriptors@^1.0.0":
  "version" "1.0.0"
  dependencies:
    "get-intrinsic" "^1.1.1"

"has-symbols@^1.0.2", "has-symbols@^1.0.3":
  "version" "1.0.3"

"has-tostringtag@^1.0.0":
  "version" "1.0.0"
  dependencies:
    "has-symbols" "^1.0.2"

"has-unicode@^2.0.1":
  "version" "2.0.1"

"has@^1.0.3":
  "version" "1.0.3"
  dependencies:
    "function-bind" "^1.1.1"

"html-comment-regex@^1.1.2":
  "version" "1.1.2"

"http-errors@^2.0.0", "http-errors@2.0.0":
  "version" "2.0.0"
  dependencies:
    "depd" "2.0.0"
    "inherits" "2.0.4"
    "setprototypeof" "1.2.0"
    "statuses" "2.0.1"
    "toidentifier" "1.0.1"

"https-proxy-agent@^5.0.0":
  "version" "5.0.1"
  dependencies:
    "agent-base" "6"
    "debug" "4"

"iconv-lite@0.4.24":
  "version" "0.4.24"
  dependencies:
    "safer-buffer" ">= 2.1.2 < 3"

"ieee754@^1.1.13", "ieee754@^1.1.4":
  "version" "1.2.1"

"ieee754@1.1.13":
  "version" "1.1.13"

"imurmurhash@^0.1.4":
  "version" "0.1.4"

"inflight@^1.0.4":
  "version" "1.0.6"
  dependencies:
    "once" "^1.3.0"
    "wrappy" "1"

"inherits@^2.0.1", "inherits@^2.0.3", "inherits@~2.0.3", "inherits@2", "inherits@2.0.4":
  "version" "2.0.4"

"internal-slot@^1.0.3":
  "version" "1.0.3"
  dependencies:
    "get-intrinsic" "^1.1.0"
    "has" "^1.0.3"
    "side-channel" "^1.0.4"

"ip@^2.0.0":
  "version" "2.0.0"

"ipaddr.js@1.9.1":
  "version" "1.9.1"

"is-arguments@^1.0.4":
  "version" "1.1.1"
  dependencies:
    "call-bind" "^1.0.2"
    "has-tostringtag" "^1.0.0"

"is-bigint@^1.0.1":
  "version" "1.0.4"
  dependencies:
    "has-bigints" "^1.0.1"

"is-boolean-object@^1.1.0":
  "version" "1.1.2"
  dependencies:
    "call-bind" "^1.0.2"
    "has-tostringtag" "^1.0.0"

"is-callable@^1.1.3", "is-callable@^1.1.4", "is-callable@^1.2.7":
  "version" "1.2.7"

"is-date-object@^1.0.1":
  "version" "1.0.5"
  dependencies:
    "has-tostringtag" "^1.0.0"

"is-fullwidth-code-point@^3.0.0":
  "version" "3.0.0"

"is-generator-function@^1.0.7":
  "version" "1.0.10"
  dependencies:
    "has-tostringtag" "^1.0.0"

"is-negative-zero@^2.0.2":
  "version" "2.0.2"

"is-number-object@^1.0.4":
  "version" "1.0.7"
  dependencies:
    "has-tostringtag" "^1.0.0"

"is-regex@^1.1.4":
  "version" "1.1.4"
  dependencies:
    "call-bind" "^1.0.2"
    "has-tostringtag" "^1.0.0"

"is-shared-array-buffer@^1.0.2":
  "version" "1.0.2"
  dependencies:
    "call-bind" "^1.0.2"

"is-stream@^2.0.0":
  "version" "2.0.1"

"is-string@^1.0.5", "is-string@^1.0.7":
  "version" "1.0.7"
  dependencies:
    "has-tostringtag" "^1.0.0"

"is-symbol@^1.0.2", "is-symbol@^1.0.3":
  "version" "1.0.4"
  dependencies:
    "has-symbols" "^1.0.2"

"is-typed-array@^1.1.3", "is-typed-array@^1.1.9":
  "version" "1.1.9"
  dependencies:
    "available-typed-arrays" "^1.0.5"
    "call-bind" "^1.0.2"
    "es-abstract" "^1.20.0"
    "for-each" "^0.3.3"
    "has-tostringtag" "^1.0.0"

"is-typedarray@^1.0.0":
  "version" "1.0.0"

"is-weakref@^1.0.2":
  "version" "1.0.2"
  dependencies:
    "call-bind" "^1.0.2"

"is@^3.2.1":
  "version" "3.3.0"

"isarray@^1.0.0", "isarray@~1.0.0":
  "version" "1.0.0"

"jmespath@0.16.0":
  "version" "0.16.0"

"json-bigint@^1.0.0":
  "version" "1.0.0"
  dependencies:
    "bignumber.js" "^9.0.0"

"json-stable-stringify@^1.0.0":
  "version" "1.0.1"
  dependencies:
    "jsonify" "~0.0.0"

"json2csv@^5.0.7":
  "version" "5.0.7"
  dependencies:
    "commander" "^6.1.0"
    "jsonparse" "^1.3.1"
    "lodash.get" "^4.4.2"

"jsonfile@^4.0.0":
  "version" "4.0.0"
  optionalDependencies:
    "graceful-fs" "^4.1.6"

"jsonify@~0.0.0":
  "version" "0.0.1"

"jsonparse@^1.3.1":
  "version" "1.3.1"

"jsonwebtoken@^8.2.0", "jsonwebtoken@^8.5.1":
  "version" "8.5.1"
  dependencies:
    "jws" "^3.2.2"
    "lodash.includes" "^4.3.0"
    "lodash.isboolean" "^3.0.3"
    "lodash.isinteger" "^4.0.4"
    "lodash.isnumber" "^3.0.3"
    "lodash.isplainobject" "^4.0.6"
    "lodash.isstring" "^4.0.1"
    "lodash.once" "^4.0.0"
    "ms" "^2.1.1"
    "semver" "^5.6.0"

"jwa@^1.4.1":
  "version" "1.4.1"
  dependencies:
    "buffer-equal-constant-time" "1.0.1"
    "ecdsa-sig-formatter" "1.0.11"
    "safe-buffer" "^5.0.1"

"jwa@^2.0.0":
  "version" "2.0.0"
  dependencies:
    "buffer-equal-constant-time" "1.0.1"
    "ecdsa-sig-formatter" "1.0.11"
    "safe-buffer" "^5.0.1"

"jws@^3.2.2":
  "version" "3.2.2"
  dependencies:
    "jwa" "^1.4.1"
    "safe-buffer" "^5.0.1"

"jws@^4.0.0":
  "version" "4.0.0"
  dependencies:
    "jwa" "^2.0.0"
    "safe-buffer" "^5.0.1"

"kareem@2.4.1":
  "version" "2.4.1"

"kruptein@^2.0.4":
  "version" "2.2.3"
  dependencies:
    "asn1.js" "^5.4.1"

"lodash.get@^4.4.2":
  "version" "4.4.2"

"lodash.includes@^4.3.0":
  "version" "4.3.0"

"lodash.isboolean@^3.0.3":
  "version" "3.0.3"

"lodash.isinteger@^4.0.4":
  "version" "4.0.4"

"lodash.isnumber@^3.0.3":
  "version" "3.0.3"

"lodash.isplainobject@^4.0.6":
  "version" "4.0.6"

"lodash.isstring@^4.0.1":
  "version" "4.0.1"

"lodash.once@^4.0.0":
  "version" "4.1.1"

"lodash@^4.17.14", "lodash@^4.17.21":
  "version" "4.17.21"

"lru-cache@^6.0.0":
  "version" "6.0.0"
  dependencies:
    "yallist" "^4.0.0"

"make-dir@^3.1.0":
  "version" "3.1.0"
  dependencies:
    "semver" "^6.0.0"

"media-typer@0.3.0":
  "version" "0.3.0"

"memory-pager@^1.0.2":
  "version" "1.5.0"

"merge-descriptors@1.0.1":
  "version" "1.0.1"

"methods@~1.1.2":
  "version" "1.1.2"

"mime-db@1.52.0":
  "version" "1.52.0"

"mime-types@~2.1.24", "mime-types@~2.1.34":
  "version" "2.1.35"
  dependencies:
    "mime-db" "1.52.0"

"mime@1.6.0":
  "version" "1.6.0"

"minimalistic-assert@^1.0.0":
  "version" "1.0.1"

"minimatch@^3.1.1":
  "version" "3.1.2"
  dependencies:
    "brace-expansion" "^1.1.7"

"minimist@^1.2.6":
  "version" "1.2.7"

"minipass@^3.0.0":
  "version" "3.3.4"
  dependencies:
    "yallist" "^4.0.0"

"minizlib@^2.1.1":
  "version" "2.1.2"
  dependencies:
    "minipass" "^3.0.0"
    "yallist" "^4.0.0"

"mkdirp@^0.5.4":
  "version" "0.5.6"
  dependencies:
    "minimist" "^1.2.6"

"mkdirp@^1.0.3":
  "version" "1.0.4"

"moment@^2.29.4":
  "version" "2.29.4"

"mongodb-connection-string-url@^2.5.4":
  "version" "2.5.4"
  dependencies:
    "@types/whatwg-url" "^8.2.1"
    "whatwg-url" "^11.0.0"

"mongodb@4.11.0":
  "version" "4.11.0"
  dependencies:
    "bson" "^4.7.0"
    "denque" "^2.1.0"
    "mongodb-connection-string-url" "^2.5.4"
    "socks" "^2.7.1"
  optionalDependencies:
    "@aws-sdk/credential-providers" "^3.186.0"
    "saslprep" "^1.0.3"

"mongoose-encryption@^2.1.2":
  "version" "2.1.2"
  dependencies:
    "async" "^2.6.1"
    "buffer-equal-constant-time" "^1.0.1"
    "dotty" "^0.1.2"
    "json-stable-stringify" "^1.0.0"
    "mpath" "^0.8.4"
    "semver" "^5.5.0"
    "underscore" "^1.5.0"

"mongoose-validator@^2.1.0":
  "version" "2.1.0"
  dependencies:
    "is" "^3.2.1"
    "validator" "^10.4.0"

"mongoose@^6.4.2", "mongoose@>=5.0.0":
  "version" "6.7.0"
  dependencies:
    "bson" "^4.6.5"
    "kareem" "2.4.1"
    "mongodb" "4.11.0"
    "mpath" "0.9.0"
    "mquery" "4.0.3"
    "ms" "2.1.3"
    "sift" "16.0.0"

"mpath@^0.8.4":
  "version" "0.8.4"

"mpath@0.9.0":
  "version" "0.9.0"

"mquery@4.0.3":
  "version" "4.0.3"
  dependencies:
    "debug" "4.x"

"ms@^2.1.1", "ms@2.1.3":
  "version" "2.1.3"

"ms@2.0.0":
  "version" "2.0.0"

"ms@2.1.2":
  "version" "2.1.2"

"multer-s3@2.10":
  "version" "2.10.0"
  dependencies:
    "file-type" "^3.3.0"
    "html-comment-regex" "^1.1.2"
    "run-parallel" "^1.1.6"

"multer@^1.4.5-lts.1":
  "version" "1.4.5-lts.1"
  dependencies:
    "append-field" "^1.0.0"
    "busboy" "^1.0.0"
    "concat-stream" "^1.5.2"
    "mkdirp" "^0.5.4"
    "object-assign" "^4.1.1"
    "type-is" "^1.6.4"
    "xtend" "^4.0.0"

"negotiator@0.6.3":
  "version" "0.6.3"

"node-addon-api@^5.0.0":
  "version" "5.0.0"

"node-fetch@^2.6.7":
  "version" "2.6.7"
  dependencies:
    "whatwg-url" "^5.0.0"

"node-forge@^1.3.1":
  "version" "1.3.1"

"nopt@^5.0.0":
  "version" "5.0.0"
  dependencies:
    "abbrev" "1"

"npmlog@^5.0.1":
  "version" "5.0.1"
  dependencies:
    "are-we-there-yet" "^2.0.0"
    "console-control-strings" "^1.1.0"
    "gauge" "^3.0.0"
    "set-blocking" "^2.0.0"

"oauth@0.9.x":
  "version" "0.9.15"

"object-assign@^4", "object-assign@^4.1.1":
  "version" "4.1.1"

"object-inspect@^1.12.2", "object-inspect@^1.9.0":
  "version" "1.12.2"

"object-keys@^1.1.1":
  "version" "1.1.1"

"object.assign@^4.1.4":
  "version" "4.1.4"
  dependencies:
    "call-bind" "^1.0.2"
    "define-properties" "^1.1.4"
    "has-symbols" "^1.0.3"
    "object-keys" "^1.1.1"

"on-finished@2.4.1":
  "version" "2.4.1"
  dependencies:
    "ee-first" "1.1.1"

"on-headers@~1.0.2":
  "version" "1.0.2"

"once@^1.3.0":
  "version" "1.4.0"
  dependencies:
    "wrappy" "1"

"parseurl@~1.3.3":
  "version" "1.3.3"

"passport-custom@^1.1.1":
  "version" "1.1.1"
  dependencies:
    "passport-strategy" "1.x.x"

"passport-google-oauth20@^2.0.0":
  "version" "2.0.0"
  dependencies:
    "passport-oauth2" "1.x.x"

"passport-jwt@^4.0.0":
  "version" "4.0.0"
  dependencies:
    "jsonwebtoken" "^8.2.0"
    "passport-strategy" "^1.0.0"

"passport-local@^1.0.0":
  "version" "1.0.0"
  dependencies:
    "passport-strategy" "1.x.x"

"passport-oauth2@1.x.x":
  "version" "1.6.1"
  dependencies:
    "base64url" "3.x.x"
    "oauth" "0.9.x"
    "passport-strategy" "1.x.x"
    "uid2" "0.0.x"
    "utils-merge" "1.x.x"

"passport-strategy@^1.0.0", "passport-strategy@1.x.x":
  "version" "1.0.0"

"passport@^0.6.0":
  "version" "0.6.0"
  dependencies:
    "passport-strategy" "1.x.x"
    "pause" "0.0.1"
    "utils-merge" "^1.0.1"

"path-is-absolute@^1.0.0":
  "version" "1.0.1"

"path-to-regexp@0.1.7":
  "version" "0.1.7"

"pause@0.0.1":
  "version" "0.0.1"

"process-nextick-args@~2.0.0":
  "version" "2.0.1"

"proxy-addr@~2.0.7":
  "version" "2.0.7"
  dependencies:
    "forwarded" "0.2.0"
    "ipaddr.js" "1.9.1"

"punycode@^2.1.1":
  "version" "2.1.1"

"punycode@1.3.2":
  "version" "1.3.2"

"qs@6.11.0":
  "version" "6.11.0"
  dependencies:
    "side-channel" "^1.0.4"

"querystring@0.2.0":
  "version" "0.2.0"

"queue-microtask@^1.2.2":
  "version" "1.2.3"

"random-bytes@~1.0.0":
  "version" "1.0.0"

"range-parser@~1.2.1":
  "version" "1.2.1"

"raw-body@2.5.1":
  "version" "2.5.1"
  dependencies:
    "bytes" "3.1.2"
    "http-errors" "2.0.0"
    "iconv-lite" "0.4.24"
    "unpipe" "1.0.0"

"readable-stream@^2.2.2":
  "version" "2.3.7"
  dependencies:
    "core-util-is" "~1.0.0"
    "inherits" "~2.0.3"
    "isarray" "~1.0.0"
    "process-nextick-args" "~2.0.0"
    "safe-buffer" "~5.1.1"
    "string_decoder" "~1.1.1"
    "util-deprecate" "~1.0.1"

"readable-stream@^3.6.0":
  "version" "3.6.0"
  dependencies:
    "inherits" "^2.0.3"
    "string_decoder" "^1.1.1"
    "util-deprecate" "^1.0.1"

"redis@^4.3.0":
  "version" "4.3.1"
  dependencies:
    "@redis/bloom" "1.0.2"
    "@redis/client" "1.3.0"
    "@redis/graph" "1.0.1"
    "@redis/json" "1.0.4"
    "@redis/search" "1.1.0"
    "@redis/time-series" "1.0.3"

"regexp.prototype.flags@^1.4.3":
  "version" "1.4.3"
  dependencies:
    "call-bind" "^1.0.2"
    "define-properties" "^1.1.3"
    "functions-have-names" "^1.2.2"

"retry@^0.12.0":
  "version" "0.12.0"

"rimraf@^3.0.2":
  "version" "3.0.2"
  dependencies:
    "glob" "^7.1.3"

"run-parallel@^1.1.6":
  "version" "1.2.0"
  dependencies:
    "queue-microtask" "^1.2.2"

"safe-buffer@^5.0.1", "safe-buffer@~5.2.0", "safe-buffer@5.2.1":
  "version" "5.2.1"

"safe-buffer@~5.1.0":
  "version" "5.1.2"

"safe-buffer@~5.1.1":
  "version" "5.1.2"

"safe-regex-test@^1.0.0":
  "version" "1.0.0"
  dependencies:
    "call-bind" "^1.0.2"
    "get-intrinsic" "^1.1.3"
    "is-regex" "^1.1.4"

"safer-buffer@^2.1.0", "safer-buffer@>= 2.1.2 < 3":
  "version" "2.1.2"

"saslprep@^1.0.3":
  "version" "1.0.3"
  dependencies:
    "sparse-bitfield" "^3.0.3"

"sax@>=0.6.0":
  "version" "1.2.4"

"sax@1.2.1":
  "version" "1.2.1"

"semver@^5.5.0", "semver@^5.6.0":
  "version" "5.7.1"

"semver@^6.0.0":
  "version" "6.3.0"

"semver@^7.3.5":
  "version" "7.3.8"
  dependencies:
    "lru-cache" "^6.0.0"

"send@0.18.0":
  "version" "0.18.0"
  dependencies:
    "debug" "2.6.9"
    "depd" "2.0.0"
    "destroy" "1.2.0"
    "encodeurl" "~1.0.2"
    "escape-html" "~1.0.3"
    "etag" "~1.8.1"
    "fresh" "0.5.2"
    "http-errors" "2.0.0"
    "mime" "1.6.0"
    "ms" "2.1.3"
    "on-finished" "2.4.1"
    "range-parser" "~1.2.1"
    "statuses" "2.0.1"

"serve-static@1.15.0":
  "version" "1.15.0"
  dependencies:
    "encodeurl" "~1.0.2"
    "escape-html" "~1.0.3"
    "parseurl" "~1.3.3"
    "send" "0.18.0"

"session-file-store@^1.5.0":
  "version" "1.5.0"
  dependencies:
    "bagpipe" "^0.3.5"
    "fs-extra" "^8.0.1"
    "kruptein" "^2.0.4"
    "object-assign" "^4.1.1"
    "retry" "^0.12.0"
    "write-file-atomic" "3.0.3"

"set-blocking@^2.0.0":
  "version" "2.0.0"

"setprototypeof@1.2.0":
  "version" "1.2.0"

"side-channel@^1.0.4":
  "version" "1.0.4"
  dependencies:
    "call-bind" "^1.0.0"
    "get-intrinsic" "^1.0.2"
    "object-inspect" "^1.9.0"

"sift@16.0.0":
  "version" "16.0.0"

"signal-exit@^3.0.0", "signal-exit@^3.0.2":
  "version" "3.0.7"

"smart-buffer@^4.2.0":
  "version" "4.2.0"

"socks@^2.7.1":
  "version" "2.7.1"
  dependencies:
    "ip" "^2.0.0"
    "smart-buffer" "^4.2.0"

"sparse-bitfield@^3.0.3":
  "version" "3.0.3"
  dependencies:
    "memory-pager" "^1.0.2"

"statuses@2.0.1":
  "version" "2.0.1"

"streamsearch@^1.1.0":
  "version" "1.1.0"

"string_decoder@^1.1.1":
  "version" "1.3.0"
  dependencies:
    "safe-buffer" "~5.2.0"

"string_decoder@~1.1.1":
  "version" "1.1.1"
  dependencies:
    "safe-buffer" "~5.1.0"

"string-width@^1.0.2 || 2 || 3 || 4", "string-width@^4.2.3":
  "version" "4.2.3"
  dependencies:
    "emoji-regex" "^8.0.0"
    "is-fullwidth-code-point" "^3.0.0"
    "strip-ansi" "^6.0.1"

"string.prototype.trimend@^1.0.5":
  "version" "1.0.5"
  dependencies:
    "call-bind" "^1.0.2"
    "define-properties" "^1.1.4"
    "es-abstract" "^1.19.5"

"string.prototype.trimstart@^1.0.5":
  "version" "1.0.5"
  dependencies:
    "call-bind" "^1.0.2"
    "define-properties" "^1.1.4"
    "es-abstract" "^1.19.5"

"strip-ansi@^6.0.1":
  "version" "6.0.1"
  dependencies:
    "ansi-regex" "^5.0.1"

"strnum@^1.0.5":
  "version" "1.0.5"

"tar@^6.1.11":
  "version" "6.1.11"
  dependencies:
    "chownr" "^2.0.0"
    "fs-minipass" "^2.0.0"
    "minipass" "^3.0.0"
    "minizlib" "^2.1.1"
    "mkdirp" "^1.0.3"
    "yallist" "^4.0.0"

"toidentifier@1.0.1":
  "version" "1.0.1"

"tr46@^3.0.0":
  "version" "3.0.0"
  dependencies:
    "punycode" "^2.1.1"

"tr46@~0.0.3":
  "version" "0.0.3"

"tslib@^1.11.1":
  "version" "1.14.1"

"tslib@^2.3.1":
  "version" "2.4.0"

"type-is@^1.6.4", "type-is@~1.6.18":
  "version" "1.6.18"
  dependencies:
    "media-typer" "0.3.0"
    "mime-types" "~2.1.24"

"typedarray-to-buffer@^3.1.5":
  "version" "3.1.5"
  dependencies:
    "is-typedarray" "^1.0.0"

"typedarray@^0.0.6":
  "version" "0.0.6"

"uid-safe@~2.1.5":
  "version" "2.1.5"
  dependencies:
    "random-bytes" "~1.0.0"

"uid2@0.0.x":
  "version" "0.0.4"

"unbox-primitive@^1.0.2":
  "version" "1.0.2"
  dependencies:
    "call-bind" "^1.0.2"
    "has-bigints" "^1.0.2"
    "has-symbols" "^1.0.3"
    "which-boxed-primitive" "^1.0.2"

"underscore@^1.5.0":
  "version" "1.13.6"

"universalify@^0.1.0":
  "version" "0.1.2"

"unpipe@~1.0.0", "unpipe@1.0.0":
  "version" "1.0.0"

"url@0.10.3":
  "version" "0.10.3"
  dependencies:
    "punycode" "1.3.2"
    "querystring" "0.2.0"

"util-deprecate@^1.0.1", "util-deprecate@~1.0.1":
  "version" "1.0.2"

"util@^0.12.4":
  "version" "0.12.5"
  dependencies:
    "inherits" "^2.0.3"
    "is-arguments" "^1.0.4"
    "is-generator-function" "^1.0.7"
    "is-typed-array" "^1.1.3"
    "which-typed-array" "^1.1.2"

"utils-merge@^1.0.1", "utils-merge@1.0.1", "utils-merge@1.x.x":
  "version" "1.0.1"

"uuid@^8.3.2":
  "version" "8.3.2"

"uuid@8.0.0":
  "version" "8.0.0"

"validator@^10.4.0":
  "version" "10.11.0"

"validator@^13.7.0":
  "version" "13.7.0"

"vary@^1", "vary@~1.1.2":
  "version" "1.1.2"

"webidl-conversions@^3.0.0":
  "version" "3.0.1"

"webidl-conversions@^7.0.0":
  "version" "7.0.0"

"whatwg-url@^11.0.0":
  "version" "11.0.0"
  dependencies:
    "tr46" "^3.0.0"
    "webidl-conversions" "^7.0.0"

"whatwg-url@^5.0.0":
  "version" "5.0.0"
  dependencies:
    "tr46" "~0.0.3"
    "webidl-conversions" "^3.0.0"

"which-boxed-primitive@^1.0.2":
  "version" "1.0.2"
  dependencies:
    "is-bigint" "^1.0.1"
    "is-boolean-object" "^1.1.0"
    "is-number-object" "^1.0.4"
    "is-string" "^1.0.5"
    "is-symbol" "^1.0.3"

"which-typed-array@^1.1.2":
  "version" "1.1.8"
  dependencies:
    "available-typed-arrays" "^1.0.5"
    "call-bind" "^1.0.2"
    "es-abstract" "^1.20.0"
    "for-each" "^0.3.3"
    "has-tostringtag" "^1.0.0"
    "is-typed-array" "^1.1.9"

"wide-align@^1.1.2":
  "version" "1.1.5"
  dependencies:
    "string-width" "^1.0.2 || 2 || 3 || 4"

"wrappy@1":
  "version" "1.0.2"

"write-file-atomic@3.0.3":
  "version" "3.0.3"
  dependencies:
    "imurmurhash" "^0.1.4"
    "is-typedarray" "^1.0.0"
    "signal-exit" "^3.0.2"
    "typedarray-to-buffer" "^3.1.5"

"xml2js@0.4.19":
  "version" "0.4.19"
  dependencies:
    "sax" ">=0.6.0"
    "xmlbuilder" "~9.0.1"

"xmlbuilder@~9.0.1":
  "version" "9.0.7"

"xtend@^4.0.0":
  "version" "4.0.2"

"yallist@^4.0.0", "yallist@4.0.0":
  "version" "4.0.0"
